{
  "name": "swarm-bee-migrations",
  "version": "1.0.0",
  "lockfileVersion": 1,
  "requires": true,
  "dependencies": {
    "@babel/runtime": {
      "version": "7.12.1",
      "resolved": "https://registry.npmjs.org/@babel/runtime/-/runtime-7.12.1.tgz",
      "integrity": "sha512-J5AIf3vPj3UwXaAzb5j1xM4WAQDX3EMgemF8rjCP3SoW09LfRKAXQKt6CoVYl230P6iWdRcBbnLDDdnqWxZSCA==",
      "requires": {
        "regenerator-runtime": "^0.13.4"
      }
    },
    "@erebos/bzz": {
      "version": "0.13.0",
      "resolved": "https://registry.npmjs.org/@erebos/bzz/-/bzz-0.13.0.tgz",
      "integrity": "sha512-ETjXxeNzT7wGofz0CcrNEc/dLeLg0DALuxpMymrzK+AvLvP8PZUfiFn+tZoupSMGaLldfSLJXweOfs3BimVaRg==",
      "requires": {
        "@babel/runtime": "^7.8.3"
      }
    },
    "@erebos/bzz-node": {
      "version": "0.13.0",
      "resolved": "https://registry.npmjs.org/@erebos/bzz-node/-/bzz-node-0.13.0.tgz",
      "integrity": "sha512-Mmo9awJG/Agj6lPqicj8VRdUELoT9pP2xIVniaoUqIMMZkf+lswXFylkyH578ZCNaehyZTTttaXS5WA+T9UVyA==",
      "requires": {
        "@babel/runtime": "^7.8.3",
        "@erebos/bzz": "^0.13.0",
        "form-data": "^3.0.0",
        "node-fetch": "^2.6.0",
        "tar-stream": "^2.1.0"
      }
    },
    "@erebos/client-base": {
      "version": "0.11.0",
      "resolved": "https://registry.npmjs.org/@erebos/client-base/-/client-base-0.11.0.tgz",
      "integrity": "sha512-1w6BMRywAb6efrmFQY8plsYn+wOOJMdKuL2Jq7X87ssLFJHsBPy9+LDTKnx2ghaZxgUSXVoxzoZ23aiJH63AGw==",
      "requires": {
        "@babel/runtime": "^7.7.4",
        "@erebos/rpc-base": "^0.10.0",
        "@erebos/rpc-stream": "^0.11.0"
      }
    },
    "@erebos/hex": {
      "version": "0.13.0",
      "resolved": "https://registry.npmjs.org/@erebos/hex/-/hex-0.13.0.tgz",
      "integrity": "sha512-aKHoLiWX+LeejzHrkM8I52G1EbZGqA/JgmqscrVDJAabjvXgDyaa7fES9218th0D9c115C4pv5mxxNKCoaADpA==",
      "requires": {
        "@babel/runtime": "^7.8.3"
      }
    },
    "@erebos/pss": {
      "version": "0.13.0",
      "resolved": "https://registry.npmjs.org/@erebos/pss/-/pss-0.13.0.tgz",
      "integrity": "sha512-+94j7oqf7GuSiI/VEwsXSuB/3JKplF7Kx5u31W/uIQiYuy4000WDMMlC7LPAi9Ns9E5e9pEkjN7ba9dO/JFlIw==",
      "requires": {
        "@babel/runtime": "^7.8.3",
        "@erebos/hex": "^0.13.0",
        "@erebos/rpc-stream": "^0.11.0",
        "rxjs": "^6.5.4"
      }
    },
    "@erebos/rpc-base": {
      "version": "0.10.0",
      "resolved": "https://registry.npmjs.org/@erebos/rpc-base/-/rpc-base-0.10.0.tgz",
      "integrity": "sha512-cm+y5iILyDxkOhk+klnlCNRALYfWJhzaqKR2BqFZC4qjEmRQHukq7CmDhh+YF0aiFa1tfHF97/W+42+4vGXgJw==",
      "requires": {
        "@babel/runtime": "^7.6.2",
        "nanoid": "^2.1.1"
      }
    },
    "@erebos/rpc-error": {
      "version": "0.10.0",
      "resolved": "https://registry.npmjs.org/@erebos/rpc-error/-/rpc-error-0.10.0.tgz",
      "integrity": "sha512-w1nzVry+tKyM5mOFtY1fFf/z12N5gHdPWnlKr3QCPdH15gHZD9OhVlaioGRo/oUCbjPrrbdflkdAJMYZsu40tA==",
      "requires": {
        "@babel/runtime": "^7.6.2",
        "@erebos/rpc-base": "^0.10.0"
      }
    },
    "@erebos/rpc-http-node": {
      "version": "0.11.0",
      "resolved": "https://registry.npmjs.org/@erebos/rpc-http-node/-/rpc-http-node-0.11.0.tgz",
      "integrity": "sha512-YT0l5aLtDBB6UaJeSg64xlFjtGfk8bPxT0+6VtGhZPq3sdQ1xXUROzJSJNFI3bXFBdSv3+vOfMkGuGf8f7j6Iw==",
      "requires": {
        "@babel/runtime": "^7.7.4",
        "@erebos/rpc-request": "^0.11.0",
        "@erebos/transport-http-node": "^0.10.0"
      }
    },
    "@erebos/rpc-ipc": {
      "version": "0.11.0",
      "resolved": "https://registry.npmjs.org/@erebos/rpc-ipc/-/rpc-ipc-0.11.0.tgz",
      "integrity": "sha512-bPUtWWM1AoSZSMbLwvp2mVLfbZYviiOSOsld5aJuCO1w31yitAiT7BaIyEwxGo+PyG+f/mHmdzsiGXpCviXYPQ==",
      "requires": {
        "@babel/runtime": "^7.7.4",
        "@erebos/rpc-stream": "^0.11.0",
        "@erebos/transport-ipc": "^0.10.0",
        "rxjs": "^6.5.3"
      }
    },
    "@erebos/rpc-node": {
      "version": "0.11.0",
      "resolved": "https://registry.npmjs.org/@erebos/rpc-node/-/rpc-node-0.11.0.tgz",
      "integrity": "sha512-DEmnvEDQ2S9of538IgWsjI6J8FE5LWbx2rbpdRXkdLEojPSrM1oEu1nYtezysPoZW65KxXOKDnAResyd61UynA==",
      "requires": {
        "@babel/runtime": "^7.7.4",
        "@erebos/rpc-http-node": "^0.11.0",
        "@erebos/rpc-ipc": "^0.11.0",
        "@erebos/rpc-ws-node": "^0.11.0",
        "rxjs": "^6.5.3"
      }
    },
    "@erebos/rpc-request": {
      "version": "0.11.0",
      "resolved": "https://registry.npmjs.org/@erebos/rpc-request/-/rpc-request-0.11.0.tgz",
      "integrity": "sha512-BqPilyIJTSsI+CSGupLNCs7qnz2gVSP36xhihCLzL597Nj+rqKJykNjMbYJ3aOTj0jW0gx6PdwgRwdd1wwNYoA==",
      "requires": {
        "@babel/runtime": "^7.7.4",
        "@erebos/rpc-base": "^0.10.0",
        "@erebos/rpc-error": "^0.10.0"
      }
    },
    "@erebos/rpc-stream": {
      "version": "0.11.0",
      "resolved": "https://registry.npmjs.org/@erebos/rpc-stream/-/rpc-stream-0.11.0.tgz",
      "integrity": "sha512-duNWf6tDQ2gjqiLhGrL45nV6Zl0P3acQvtoDEVjQA8wchwCspc59Crq+IrJ2coVN7kOdgIKB9AqvSbGE+pPZEA==",
      "requires": {
        "@babel/runtime": "^7.7.4",
        "@erebos/rpc-base": "^0.10.0",
        "@erebos/rpc-error": "^0.10.0",
        "rxjs": "^6.5.3"
      }
    },
    "@erebos/rpc-ws-node": {
      "version": "0.11.0",
      "resolved": "https://registry.npmjs.org/@erebos/rpc-ws-node/-/rpc-ws-node-0.11.0.tgz",
      "integrity": "sha512-9SbnhDNUlIpJuejNAZ/yz9H/qsf7AAaYQksGotwmnrTOyPxoEdrs+DLBOxequWe2krlkiEVL+pojv3YRcKMsGQ==",
      "requires": {
        "@babel/runtime": "^7.7.4",
        "@erebos/rpc-stream": "^0.11.0",
        "@erebos/transport-ws-node": "^0.10.0"
      }
    },
    "@erebos/swarm-node": {
      "version": "0.13.0",
      "resolved": "https://registry.npmjs.org/@erebos/swarm-node/-/swarm-node-0.13.0.tgz",
      "integrity": "sha512-n60Az2of+GMjOL3LIlhehTS2eEk3kVYr57HmUJc6oOsofv88VC55/lM2HKyjCxsIhiRXNgmIAUwigCe/xS1CZw==",
      "requires": {
        "@babel/runtime": "^7.8.3",
        "@erebos/bzz": "^0.13.0",
        "@erebos/bzz-node": "^0.13.0",
        "@erebos/client-base": "^0.11.0",
        "@erebos/pss": "^0.13.0",
        "@erebos/rpc-ipc": "^0.11.0",
        "@erebos/rpc-node": "^0.11.0",
        "@erebos/rpc-stream": "^0.11.0",
        "@erebos/rpc-ws-node": "^0.11.0",
        "node-fetch": "^2.6.0"
      }
    },
    "@erebos/transport-http-node": {
      "version": "0.10.0",
      "resolved": "https://registry.npmjs.org/@erebos/transport-http-node/-/transport-http-node-0.10.0.tgz",
      "integrity": "sha512-Bi0HxhdgoPs2XNzWti6t5RbDAX00sJT3cElLpYVLxHBXxELKFq4v+rhcLtOBpVeIqVWa8RAWZjtA/pzD1RltYA==",
      "requires": {
        "@babel/runtime": "^7.6.2",
        "node-fetch": "^2.6.0"
      }
    },
    "@erebos/transport-ipc": {
      "version": "0.10.0",
      "resolved": "https://registry.npmjs.org/@erebos/transport-ipc/-/transport-ipc-0.10.0.tgz",
      "integrity": "sha512-Zd4HNv+GqMMzuOFwvygiOdUdJ2luq8MMoRvkr2hHq8qh2jYVssT+OCLrs3r6dRvprxRIXKjJxhJsvzBDEhxvjA==",
      "requires": {
        "@babel/runtime": "^7.6.2",
        "rx-socket": "^0.5.0",
        "rxjs": "^6.5.3"
      }
    },
    "@erebos/transport-ws-node": {
      "version": "0.10.0",
      "resolved": "https://registry.npmjs.org/@erebos/transport-ws-node/-/transport-ws-node-0.10.0.tgz",
      "integrity": "sha512-tdxA5mymbVJQcfPflTQ5+Ud/d/CPuzwqv3eLlyxy5uTBPUIcVn3RjMzqh2TCe3qMNbeRBFDV/T17ecrllhkSoA==",
      "requires": {
        "@babel/runtime": "^7.6.2",
        "rxjs": "^6.5.3",
        "ws": "^7.1.2"
      }
    },
    "asynckit": {
      "version": "0.4.0",
      "resolved": "https://registry.npmjs.org/asynckit/-/asynckit-0.4.0.tgz",
      "integrity": "sha1-x57Zf380y48robyXkLzDZkdLS3k="
    },
    "axios": {
      "version": "0.20.0",
      "resolved": "https://registry.npmjs.org/axios/-/axios-0.20.0.tgz",
      "integrity": "sha512-ANA4rr2BDcmmAQLOKft2fufrtuvlqR+cXNNinUmvfeSNCOF98PZL+7M/v1zIdGo7OLjEA9J2gXJL+j4zGsl0bA==",
      "requires": {
        "follow-redirects": "^1.10.0"
      }
    },
    "base64-js": {
      "version": "1.3.1",
      "resolved": "https://registry.npmjs.org/base64-js/-/base64-js-1.3.1.tgz",
      "integrity": "sha512-mLQ4i2QO1ytvGWFWmcngKO//JXAQueZvwEKtjgQFM4jIK0kU+ytMfplL8j+n5mspOfjHwoAg+9yhb7BwAHm36g=="
    },
    "bl": {
      "version": "4.0.3",
      "resolved": "https://registry.npmjs.org/bl/-/bl-4.0.3.tgz",
      "integrity": "sha512-fs4G6/Hu4/EE+F75J8DuN/0IpQqNjAdC7aEQv7Qt8MHGUH7Ckv2MwTEEeN9QehD0pfIDkMI1bkHYkKy7xHyKIg==",
      "requires": {
        "buffer": "^5.5.0",
        "inherits": "^2.0.4",
        "readable-stream": "^3.4.0"
      }
    },
    "buffer": {
      "version": "5.6.0",
      "resolved": "https://registry.npmjs.org/buffer/-/buffer-5.6.0.tgz",
      "integrity": "sha512-/gDYp/UtU0eA1ys8bOs9J6a+E/KWIY+DZ+Q2WESNUA0jFRsJOc0SNUO6xJ5SGA1xueg3NL65W6s+NY5l9cunuw==",
      "requires": {
        "base64-js": "^1.0.2",
        "ieee754": "^1.1.4"
      }
    },
    "combined-stream": {
      "version": "1.0.8",
      "resolved": "https://registry.npmjs.org/combined-stream/-/combined-stream-1.0.8.tgz",
      "integrity": "sha512-FQN4MRfuJeHf7cBbBMJFXhKSDq+2kAArBlmRBvcvFE5BB1HZKXtSFASDhdlz9zOYwxh8lDdnvmMOe/+5cdoEdg==",
      "requires": {
        "delayed-stream": "~1.0.0"
      }
    },
    "delayed-stream": {
      "version": "1.0.0",
      "resolved": "https://registry.npmjs.org/delayed-stream/-/delayed-stream-1.0.0.tgz",
      "integrity": "sha1-3zrhmayt+31ECqrgsp4icrJOxhk="
    },
    "end-of-stream": {
      "version": "1.4.4",
      "resolved": "https://registry.npmjs.org/end-of-stream/-/end-of-stream-1.4.4.tgz",
      "integrity": "sha512-+uw1inIHVPQoaVuHzRyXd21icM+cnt4CzD5rW+NC1wjOUSTOs+Te7FOv7AhN7vS9x/oIyhLP5PR1H+phQAHu5Q==",
      "requires": {
        "once": "^1.4.0"
      }
    },
    "follow-redirects": {
      "version": "1.13.0",
      "resolved": "https://registry.npmjs.org/follow-redirects/-/follow-redirects-1.13.0.tgz",
      "integrity": "sha512-aq6gF1BEKje4a9i9+5jimNFIpq4Q1WiwBToeRK5NvZBd/TRsmW8BsJfOEGkr76TbOyPVD3OVDN910EcUNtRYEA=="
    },
    "form-data": {
      "version": "3.0.0",
      "resolved": "https://registry.npmjs.org/form-data/-/form-data-3.0.0.tgz",
      "integrity": "sha512-CKMFDglpbMi6PyN+brwB9Q/GOw0eAnsrEZDgcsH5Krhz5Od/haKHAX0NmQfha2zPPz0JpWzA7GJHGSnvCRLWsg==",
      "requires": {
        "asynckit": "^0.4.0",
        "combined-stream": "^1.0.8",
        "mime-types": "^2.1.12"
      }
    },
    "fs-constants": {
      "version": "1.0.0",
      "resolved": "https://registry.npmjs.org/fs-constants/-/fs-constants-1.0.0.tgz",
      "integrity": "sha512-y6OAwoSIf7FyjMIv94u+b5rdheZEjzR63GTyZJm5qh4Bi+2YgwLCcI/fPFZkL5PSixOt6ZNKm+w+Hfp/Bciwow=="
    },
    "http-https": {
      "version": "1.0.0",
      "resolved": "https://registry.npmjs.org/http-https/-/http-https-1.0.0.tgz",
      "integrity": "sha1-L5CN1fHbQGjAWM1ubUzjkskTOJs="
    },
    "ieee754": {
      "version": "1.1.13",
      "resolved": "https://registry.npmjs.org/ieee754/-/ieee754-1.1.13.tgz",
      "integrity": "sha512-4vf7I2LYV/HaWerSo3XmlMkp5eZ83i+/CDluXi/IGTs/O1sejBNhTtnxzmRZfvOUqj7lZjqHkeTvpgSFDlWZTg=="
    },
    "inherits": {
      "version": "2.0.4",
      "resolved": "https://registry.npmjs.org/inherits/-/inherits-2.0.4.tgz",
      "integrity": "sha512-k/vGaX4/Yla3WzyMCvTQOXYeIHvqOKtnqBduzTHpzpQZzAskKMhZ2K+EnBiSM9zGSoIFeMpXKxa4dYeZIQqewQ=="
    },
    "mime-db": {
      "version": "1.44.0",
      "resolved": "https://registry.npmjs.org/mime-db/-/mime-db-1.44.0.tgz",
      "integrity": "sha512-/NOTfLrsPBVeH7YtFPgsVWveuL+4SjjYxaQ1xtM1KMFj7HdxlBlxeyNLzhyJVx7r4rZGJAZ/6lkKCitSc/Nmpg=="
    },
    "mime-types": {
      "version": "2.1.27",
      "resolved": "https://registry.npmjs.org/mime-types/-/mime-types-2.1.27.tgz",
      "integrity": "sha512-JIhqnCasI9yD+SsmkquHBxTSEuZdQX5BuQnS2Vc7puQQQ+8yiP5AY5uWhpdv4YL4VM5c6iliiYWPgJ/nJQLp7w==",
      "requires": {
        "mime-db": "1.44.0"
      }
    },
    "nanoid": {
      "version": "2.1.11",
      "resolved": "https://registry.npmjs.org/nanoid/-/nanoid-2.1.11.tgz",
      "integrity": "sha512-s/snB+WGm6uwi0WjsZdaVcuf3KJXlfGl2LcxgwkEwJF0D/BWzVWAZW/XY4bFaiR7s0Jk3FPvlnepg1H1b1UwlA=="
    },
    "node-fetch": {
      "version": "2.6.1",
      "resolved": "https://registry.npmjs.org/node-fetch/-/node-fetch-2.6.1.tgz",
      "integrity": "sha512-V4aYg89jEoVRxRb2fJdAg8FHvI7cEyYdVAh94HH0UIK8oJxUfkjlDQN9RbMx+bEjP7+ggMiFRprSti032Oipxw=="
    },
    "oboe": {
      "version": "2.1.5",
      "resolved": "https://registry.npmjs.org/oboe/-/oboe-2.1.5.tgz",
      "integrity": "sha1-VVQoTFQ6ImbXo48X4HOCH73jk80=",
      "requires": {
        "http-https": "^1.0.0"
      }
    },
    "once": {
      "version": "1.4.0",
      "resolved": "https://registry.npmjs.org/once/-/once-1.4.0.tgz",
      "integrity": "sha1-WDsap3WWHUsROsF9nFC6753Xa9E=",
      "requires": {
        "wrappy": "1"
      }
    },
    "readable-stream": {
      "version": "3.6.0",
      "resolved": "https://registry.npmjs.org/readable-stream/-/readable-stream-3.6.0.tgz",
      "integrity": "sha512-BViHy7LKeTz4oNnkcLJ+lVSL6vpiFeX6/d3oSH8zCW7UxP2onchk+vTGB143xuFjHS3deTgkKoXXymXqymiIdA==",
      "requires": {
        "inherits": "^2.0.3",
        "string_decoder": "^1.1.1",
        "util-deprecate": "^1.0.1"
      }
    },
    "regenerator-runtime": {
      "version": "0.13.7",
      "resolved": "https://registry.npmjs.org/regenerator-runtime/-/regenerator-runtime-0.13.7.tgz",
      "integrity": "sha512-a54FxoJDIr27pgf7IgeQGxmqUNYrcV338lf/6gH456HZ/PhX+5BcwHXG9ajESmwe6WRO0tAzRUrRmNONWgkrew=="
    },
    "rx-socket": {
      "version": "0.5.0",
      "resolved": "https://registry.npmjs.org/rx-socket/-/rx-socket-0.5.0.tgz",
      "integrity": "sha512-5wRdByrd4Y11XK+n8zyBMVK07jQaX7NPQblWLBDnps66vu8DyIIgLWgQVJTy/8VUmwpogLyG7ghCVHa9XRfULQ==",
      "requires": {
        "oboe": "^2.1.4"
      }
    },
    "rxjs": {
      "version": "6.6.3",
      "resolved": "https://registry.npmjs.org/rxjs/-/rxjs-6.6.3.tgz",
      "integrity": "sha512-trsQc+xYYXZ3urjOiJOuCOa5N3jAZ3eiSpQB5hIT8zGlL2QfnHLJ2r7GMkBGuIausdJN1OneaI6gQlsqNHHmZQ==",
      "requires": {
        "tslib": "^1.9.0"
      }
    },
    "safe-buffer": {
      "version": "5.2.1",
      "resolved": "https://registry.npmjs.org/safe-buffer/-/safe-buffer-5.2.1.tgz",
      "integrity": "sha512-rp3So07KcdmmKbGvgaNxQSJr7bGVSVk5S9Eq1F+ppbRo70+YeaDxkw5Dd8NPN+GD6bjnYm2VuPuCXmpuYvmCXQ=="
    },
    "string_decoder": {
      "version": "1.3.0",
      "resolved": "https://registry.npmjs.org/string_decoder/-/string_decoder-1.3.0.tgz",
      "integrity": "sha512-hkRX8U1WjJFd8LsDJ2yQ/wWWxaopEsABU1XfkM8A+j0+85JAGppt16cr1Whg6KIbb4okU6Mql6BOj+uup/wKeA==",
      "requires": {
        "safe-buffer": "~5.2.0"
      }
    },
    "tar-stream": {
      "version": "2.1.4",
      "resolved": "https://registry.npmjs.org/tar-stream/-/tar-stream-2.1.4.tgz",
      "integrity": "sha512-o3pS2zlG4gxr67GmFYBLlq+dM8gyRGUOvsrHclSkvtVtQbjV0s/+ZE8OpICbaj8clrX3tjeHngYGP7rweaBnuw==",
      "requires": {
        "bl": "^4.0.3",
        "end-of-stream": "^1.4.1",
        "fs-constants": "^1.0.0",
        "inherits": "^2.0.3",
        "readable-stream": "^3.1.1"
      }
    },
    "tslib": {
      "version": "1.14.1",
      "resolved": "https://registry.npmjs.org/tslib/-/tslib-1.14.1.tgz",
      "integrity": "sha512-Xni35NKzjgMrwevysHTCArtLDpPvye8zV/0E4EyYn43P7/7qvQwPh9BGkHewbMulVntbigmcT7rdX3BNo9wRJg=="
    },
    "util-deprecate": {
      "version": "1.0.2",
      "resolved": "https://registry.npmjs.org/util-deprecate/-/util-deprecate-1.0.2.tgz",
      "integrity": "sha1-RQ1Nyfpw3nMnYvvS1KKJgUGaDM8="
    },
    "wrappy": {
      "version": "1.0.2",
      "resolved": "https://registry.npmjs.org/wrappy/-/wrappy-1.0.2.tgz",
      "integrity": "sha1-tSQ9jz7BqjXxNkYFvA0QNuMKtp8="
    },
    "ws": {
      "version": "7.3.1",
      "resolved": "https://registry.npmjs.org/ws/-/ws-7.3.1.tgz",
      "integrity": "sha512-D3RuNkynyHmEJIpD2qrgVkc9DQ23OrN/moAwZX4L8DfvszsJxpjQuUq3LMx6HoYji9fbIOBY18XWBsAux1ZZUA=="
    }
  }
}
